
Microsoft Visual Studio Solution File, Format Version 12.00
# Visual Studio Version 17
VisualStudioVersion = 17.14.36511.14 d17.14
MinimumVisualStudioVersion = 10.0.40219.1
Project("{FAE04EC0-301F-11D3-BF4B-00C04F79EFBC}") = "bankszamla", "bankszamla.csproj", "{55CCFB85-952C-4FA5-B457-0CCAF62C923B}"
EndProject
Global
	GlobalSection(SolutionConfigurationPlatforms) = preSolution
		Debug|Any CPU = Debug|Any CPU
		Release|Any CPU = Release|Any CPU
	EndGlobalSection
	GlobalSection(ProjectConfigurationPlatforms) = postSolution
		{55CCFB85-952C-4FA5-B457-0CCAF62C923B}.Debug|Any CPU.ActiveCfg = Debug|Any CPU
		{55CCFB85-952C-4FA5-B457-0CCAF62C923B}.Debug|Any CPU.Build.0 = Debug|Any CPU
		{55CCFB85-952C-4FA5-B457-0CCAF62C923B}.Release|Any CPU.ActiveCfg = Release|Any CPU
		{55CCFB85-952C-4FA5-B457-0CCAF62C923B}.Release|Any CPU.Build.0 = Release|Any CPU
	EndGlobalSection
	GlobalSection(SolutionProperties) = preSolution
		HideSolutionNode = FALSE
	EndGlobalSection
	GlobalSection(ExtensibilityGlobals) = postSolution
		SolutionGuid = {6442B31E-01AA-41AD-9457-E498B8B07BC1}
	EndGlobalSection
EndGlobal
